{
  "name": "club-management",
  "lockfileVersion": 3,
  "requires": true,
  "packages": {
    "": {
      "devDependencies": {
        "daisyui": "^5.7.21"
      }
    },
    "node_modules/daisyui": {
      "version": "5.7.21",
      "resolved": "https://registry.npmjs.org/daisyui/-/daisyui-5.7.21.tgz",
      "integrity": "sha512-DyJvCwrclM8K3Jp8TB9n2WZ+QUd+0/dSEY0WRvTE26wL06e8I6nEpKYYJWJ5SDRwc7FRDp3CyeREqYTHi9hM3A==",
      "dev": true,
      "license": "MIT",
      "funding": {
        "url": "https://github.com/saadeghi/daisyui?sponsor=1"
      }
    }
  }
}
